
Microsoft Visual Studio Solution File, Format Version 12.00
# Visual Studio Version 16
VisualStudioVersion = 16.0.31205.134
MinimumVisualStudioVersion = 10.0.40219.1
Project("{FAE04EC0-301F-11D3-BF4B-00C04F79EFBC}") = "Honeydew", "Honeydew\Honeydew.csproj", "{93AE9036-6182-40FD-AA20-2B57AC054DEA}"
EndProject
Project("{FAE04EC0-301F-11D3-BF4B-00C04F79EFBC}") = "HoneydewCore", "HoneydewCore\HoneydewCore.csproj", "{D8EC22F6-F481-4064-BFEA-5A3C7AAF4963}"
EndProject
Project("{FAE04EC0-301F-11D3-BF4B-00C04F79EFBC}") = "HoneydewCoreTest", "HoneydewCoreTest\HoneydewCoreTest.csproj", "{E4E5B7D6-21B0-44C9-B9AC-935F849F027E}"
EndProject
Project("{FAE04EC0-301F-11D3-BF4B-00C04F79EFBC}") = "HoneydewModels", "HoneydewModels\HoneydewModels.csproj", "{3C39FA7E-C03E-4EF7-A57B-0A6BC8458096}"
EndProject
Project("{FAE04EC0-301F-11D3-BF4B-00C04F79EFBC}") = "HoneydewExtractors", "HoneydewExtractors\HoneydewExtractors.csproj", "{23BABD99-C5B6-401A-ACB0-44271449BB80}"
EndProject
Project("{FAE04EC0-301F-11D3-BF4B-00C04F79EFBC}") = "HoneydewExtractorsTests", "HoneydewExtractorsTests\HoneydewExtractorsTests.csproj", "{A75D42F1-2EE2-458D-9F8D-A51435BED666}"
EndProject
Project("{FAE04EC0-301F-11D3-BF4B-00C04F79EFBC}") = "HoneydewCoreIntegrationTests", "HoneydewCoreIntegrationTests\HoneydewCoreIntegrationTests.csproj", "{319F6793-BBF0-4C77-AE17-770AA09856EF}"
EndProject
Project("{FAE04EC0-301F-11D3-BF4B-00C04F79EFBC}") = "HoneydewScriptBeePlugin", "HoneydewScriptBeePlugin\HoneydewScriptBeePlugin.csproj", "{A910D258-36EA-47CD-B483-E2AEB36E7192}"
EndProject
Project("{FAE04EC0-301F-11D3-BF4B-00C04F79EFBC}") = "HoneydewTests", "HoneydewTests\HoneydewTests.csproj", "{48DF9CC1-FD24-4181-8393-62991F2E643B}"
EndProject
Global
	GlobalSection(SolutionConfigurationPlatforms) = preSolution
		Debug|Any CPU = Debug|Any CPU
		Release|Any CPU = Release|Any CPU
	EndGlobalSection
	GlobalSection(ProjectConfigurationPlatforms) = postSolution
		{93AE9036-6182-40FD-AA20-2B57AC054DEA}.Debug|Any CPU.ActiveCfg = Debug|Any CPU
		{93AE9036-6182-40FD-AA20-2B57AC054DEA}.Debug|Any CPU.Build.0 = Debug|Any CPU
		{93AE9036-6182-40FD-AA20-2B57AC054DEA}.Release|Any CPU.ActiveCfg = Release|Any CPU
		{93AE9036-6182-40FD-AA20-2B57AC054DEA}.Release|Any CPU.Build.0 = Release|Any CPU
		{D8EC22F6-F481-4064-BFEA-5A3C7AAF4963}.Debug|Any CPU.ActiveCfg = Debug|Any CPU
		{D8EC22F6-F481-4064-BFEA-5A3C7AAF4963}.Debug|Any CPU.Build.0 = Debug|Any CPU
		{D8EC22F6-F481-4064-BFEA-5A3C7AAF4963}.Release|Any CPU.ActiveCfg = Release|Any CPU
		{D8EC22F6-F481-4064-BFEA-5A3C7AAF4963}.Release|Any CPU.Build.0 = Release|Any CPU
		{E4E5B7D6-21B0-44C9-B9AC-935F849F027E}.Debug|Any CPU.ActiveCfg = Debug|Any CPU
		{E4E5B7D6-21B0-44C9-B9AC-935F849F027E}.Debug|Any CPU.Build.0 = Debug|Any CPU
		{E4E5B7D6-21B0-44C9-B9AC-935F849F027E}.Release|Any CPU.ActiveCfg = Release|Any CPU
		{E4E5B7D6-21B0-44C9-B9AC-935F849F027E}.Release|Any CPU.Build.0 = Release|Any CPU
		{3C39FA7E-C03E-4EF7-A57B-0A6BC8458096}.Debug|Any CPU.ActiveCfg = Debug|Any CPU
		{3C39FA7E-C03E-4EF7-A57B-0A6BC8458096}.Debug|Any CPU.Build.0 = Debug|Any CPU
		{3C39FA7E-C03E-4EF7-A57B-0A6BC8458096}.Release|Any CPU.ActiveCfg = Release|Any CPU
		{3C39FA7E-C03E-4EF7-A57B-0A6BC8458096}.Release|Any CPU.Build.0 = Release|Any CPU
		{23BABD99-C5B6-401A-ACB0-44271449BB80}.Debug|Any CPU.ActiveCfg = Debug|Any CPU
		{23BABD99-C5B6-401A-ACB0-44271449BB80}.Debug|Any CPU.Build.0 = Debug|Any CPU
		{23BABD99-C5B6-401A-ACB0-44271449BB80}.Release|Any CPU.ActiveCfg = Release|Any CPU
		{23BABD99-C5B6-401A-ACB0-44271449BB80}.Release|Any CPU.Build.0 = Release|Any CPU
		{A75D42F1-2EE2-458D-9F8D-A51435BED666}.Debug|Any CPU.ActiveCfg = Debug|Any CPU
		{A75D42F1-2EE2-458D-9F8D-A51435BED666}.Debug|Any CPU.Build.0 = Debug|Any CPU
		{A75D42F1-2EE2-458D-9F8D-A51435BED666}.Release|Any CPU.ActiveCfg = Release|Any CPU
		{A75D42F1-2EE2-458D-9F8D-A51435BED666}.Release|Any CPU.Build.0 = Release|Any CPU
		{319F6793-BBF0-4C77-AE17-770AA09856EF}.Debug|Any CPU.ActiveCfg = Debug|Any CPU
		{319F6793-BBF0-4C77-AE17-770AA09856EF}.Debug|Any CPU.Build.0 = Debug|Any CPU
		{319F6793-BBF0-4C77-AE17-770AA09856EF}.Release|Any CPU.ActiveCfg = Release|Any CPU
		{319F6793-BBF0-4C77-AE17-770AA09856EF}.Release|Any CPU.Build.0 = Release|Any CPU
		{A910D258-36EA-47CD-B483-E2AEB36E7192}.Debug|Any CPU.ActiveCfg = Debug|Any CPU
		{A910D258-36EA-47CD-B483-E2AEB36E7192}.Debug|Any CPU.Build.0 = Debug|Any CPU
		{A910D258-36EA-47CD-B483-E2AEB36E7192}.Release|Any CPU.ActiveCfg = Release|Any CPU
		{A910D258-36EA-47CD-B483-E2AEB36E7192}.Release|Any CPU.Build.0 = Release|Any CPU
		{48DF9CC1-FD24-4181-8393-62991F2E643B}.Debug|Any CPU.ActiveCfg = Debug|Any CPU
		{48DF9CC1-FD24-4181-8393-62991F2E643B}.Debug|Any CPU.Build.0 = Debug|Any CPU
		{48DF9CC1-FD24-4181-8393-62991F2E643B}.Release|Any CPU.ActiveCfg = Release|Any CPU
		{48DF9CC1-FD24-4181-8393-62991F2E643B}.Release|Any CPU.Build.0 = Release|Any CPU
	EndGlobalSection
	GlobalSection(SolutionProperties) = preSolution
		HideSolutionNode = FALSE
	EndGlobalSection
	GlobalSection(ExtensibilityGlobals) = postSolution
		SolutionGuid = {C4139CCA-9C01-45FC-AE3E-6F400D2D8F2F}
	EndGlobalSection
EndGlobal
